
Microsoft Visual Studio Solution File, Format Version 12.00
# Visual Studio 15
VisualStudioVersion = 15.0.28307.852
MinimumVisualStudioVersion = 10.0.40219.1
Project("{FAE04EC0-301F-11D3-BF4B-00C04F79EFBC}") = "hotelMgr", "HotelMgr2017101999\hotelMgr.csproj", "{70F2FA47-2D8B-40EA-B648-2DCD88958B9C}"
EndProject
Project("{FAE04EC0-301F-11D3-BF4B-00C04F79EFBC}") = "BLL", "..\SqlServer Connection EXP\BLL\BLL.csproj", "{AD506AC3-69B0-4E3C-8F65-C27E60507C96}"
EndProject
Project("{FAE04EC0-301F-11D3-BF4B-00C04F79EFBC}") = "DAL", "..\SqlServer Connection EXP\DAL\DAL.csproj", "{914726E0-4844-4ABA-90F1-ECEC36A519ED}"
EndProject
Project("{FAE04EC0-301F-11D3-BF4B-00C04F79EFBC}") = "Models", "Models\Models.csproj", "{D68D432E-0CF5-45EF-BD12-A41404EA0B47}"
EndProject
Global
	GlobalSection(SolutionConfigurationPlatforms) = preSolution
		Debug|Any CPU = Debug|Any CPU
		Release|Any CPU = Release|Any CPU
	EndGlobalSection
	GlobalSection(ProjectConfigurationPlatforms) = postSolution
		{70F2FA47-2D8B-40EA-B648-2DCD88958B9C}.Debug|Any CPU.ActiveCfg = Debug|Any CPU
		{70F2FA47-2D8B-40EA-B648-2DCD88958B9C}.Debug|Any CPU.Build.0 = Debug|Any CPU
		{70F2FA47-2D8B-40EA-B648-2DCD88958B9C}.Release|Any CPU.ActiveCfg = Release|Any CPU
		{70F2FA47-2D8B-40EA-B648-2DCD88958B9C}.Release|Any CPU.Build.0 = Release|Any CPU
		{AD506AC3-69B0-4E3C-8F65-C27E60507C96}.Debug|Any CPU.ActiveCfg = Debug|Any CPU
		{AD506AC3-69B0-4E3C-8F65-C27E60507C96}.Debug|Any CPU.Build.0 = Debug|Any CPU
		{AD506AC3-69B0-4E3C-8F65-C27E60507C96}.Release|Any CPU.ActiveCfg = Release|Any CPU
		{AD506AC3-69B0-4E3C-8F65-C27E60507C96}.Release|Any CPU.Build.0 = Release|Any CPU
		{914726E0-4844-4ABA-90F1-ECEC36A519ED}.Debug|Any CPU.ActiveCfg = Debug|Any CPU
		{914726E0-4844-4ABA-90F1-ECEC36A519ED}.Debug|Any CPU.Build.0 = Debug|Any CPU
		{914726E0-4844-4ABA-90F1-ECEC36A519ED}.Release|Any CPU.ActiveCfg = Release|Any CPU
		{914726E0-4844-4ABA-90F1-ECEC36A519ED}.Release|Any CPU.Build.0 = Release|Any CPU
		{D68D432E-0CF5-45EF-BD12-A41404EA0B47}.Debug|Any CPU.ActiveCfg = Debug|Any CPU
		{D68D432E-0CF5-45EF-BD12-A41404EA0B47}.Debug|Any CPU.Build.0 = Debug|Any CPU
		{D68D432E-0CF5-45EF-BD12-A41404EA0B47}.Release|Any CPU.ActiveCfg = Release|Any CPU
		{D68D432E-0CF5-45EF-BD12-A41404EA0B47}.Release|Any CPU.Build.0 = Release|Any CPU
	EndGlobalSection
	GlobalSection(SolutionProperties) = preSolution
		HideSolutionNode = FALSE
	EndGlobalSection
	GlobalSection(ExtensibilityGlobals) = postSolution
		SolutionGuid = {6B7FB38F-BB3C-4EE3-9F88-67D229938AB4}
	EndGlobalSection
EndGlobal
